
Microsoft Visual Studio Solution File, Format Version 12.00
# Visual Studio 15
VisualStudioVersion = 15.0.27703.2042
MinimumVisualStudioVersion = 10.0.40219.1
Project("{FAE04EC0-301F-11D3-BF4B-00C04F79EFBC}") = "xamarinstudy.Android", "xamarinstudy\xamarinstudy.Android\xamarinstudy.Android.csproj", "{7139DEC0-5BFF-458A-B6A0-EE70BFDA5531}"
EndProject
Project("{FAE04EC0-301F-11D3-BF4B-00C04F79EFBC}") = "xamarinstudy.iOS", "xamarinstudy\xamarinstudy.iOS\xamarinstudy.iOS.csproj", "{589335A7-CB16-497D-9C0C-C33FB8E0FC0F}"
EndProject
Project("{FAE04EC0-301F-11D3-BF4B-00C04F79EFBC}") = "xamarinstudy", "xamarinstudy\xamarinstudy\xamarinstudy.csproj", "{0BFB2F9C-7003-48DA-9186-02A640F10888}"
EndProject
Global
	GlobalSection(SolutionConfigurationPlatforms) = preSolution
		Ad-Hoc|Any CPU = Ad-Hoc|Any CPU
		Ad-Hoc|iPhone = Ad-Hoc|iPhone
		Ad-Hoc|iPhoneSimulator = Ad-Hoc|iPhoneSimulator
		AppStore|Any CPU = AppStore|Any CPU
		AppStore|iPhone = AppStore|iPhone
		AppStore|iPhoneSimulator = AppStore|iPhoneSimulator
		Debug|Any CPU = Debug|Any CPU
		Debug|iPhone = Debug|iPhone
		Debug|iPhoneSimulator = Debug|iPhoneSimulator
		Release|Any CPU = Release|Any CPU
		Release|iPhone = Release|iPhone
		Release|iPhoneSimulator = Release|iPhoneSimulator
	EndGlobalSection
	GlobalSection(ProjectConfigurationPlatforms) = postSolution
		{7139DEC0-5BFF-458A-B6A0-EE70BFDA5531}.Ad-Hoc|Any CPU.ActiveCfg = Release|Any CPU
		{7139DEC0-5BFF-458A-B6A0-EE70BFDA5531}.Ad-Hoc|Any CPU.Build.0 = Release|Any CPU
		{7139DEC0-5BFF-458A-B6A0-EE70BFDA5531}.Ad-Hoc|Any CPU.Deploy.0 = Release|Any CPU
		{7139DEC0-5BFF-458A-B6A0-EE70BFDA5531}.Ad-Hoc|iPhone.ActiveCfg = Release|Any CPU
		{7139DEC0-5BFF-458A-B6A0-EE70BFDA5531}.Ad-Hoc|iPhone.Build.0 = Release|Any CPU
		{7139DEC0-5BFF-458A-B6A0-EE70BFDA5531}.Ad-Hoc|iPhone.Deploy.0 = Release|Any CPU
		{7139DEC0-5BFF-458A-B6A0-EE70BFDA5531}.Ad-Hoc|iPhoneSimulator.ActiveCfg = Release|Any CPU
		{7139DEC0-5BFF-458A-B6A0-EE70BFDA5531}.Ad-Hoc|iPhoneSimulator.Build.0 = Release|Any CPU
		{7139DEC0-5BFF-458A-B6A0-EE70BFDA5531}.Ad-Hoc|iPhoneSimulator.Deploy.0 = Release|Any CPU
		{7139DEC0-5BFF-458A-B6A0-EE70BFDA5531}.AppStore|Any CPU.ActiveCfg = Release|Any CPU
		{7139DEC0-5BFF-458A-B6A0-EE70BFDA5531}.AppStore|Any CPU.Build.0 = Release|Any CPU
		{7139DEC0-5BFF-458A-B6A0-EE70BFDA5531}.AppStore|Any CPU.Deploy.0 = Release|Any CPU
		{7139DEC0-5BFF-458A-B6A0-EE70BFDA5531}.AppStore|iPhone.ActiveCfg = Release|Any CPU
		{7139DEC0-5BFF-458A-B6A0-EE70BFDA5531}.AppStore|iPhone.Build.0 = Release|Any CPU
		{7139DEC0-5BFF-458A-B6A0-EE70BFDA5531}.AppStore|iPhone.Deploy.0 = Release|Any CPU
		{7139DEC0-5BFF-458A-B6A0-EE70BFDA5531}.AppStore|iPhoneSimulator.ActiveCfg = Release|Any CPU
		{7139DEC0-5BFF-458A-B6A0-EE70BFDA5531}.AppStore|iPhoneSimulator.Build.0 = Release|Any CPU
		{7139DEC0-5BFF-458A-B6A0-EE70BFDA5531}.AppStore|iPhoneSimulator.Deploy.0 = Release|Any CPU
		{7139DEC0-5BFF-458A-B6A0-EE70BFDA5531}.Debug|Any CPU.ActiveCfg = Debug|Any CPU
		{7139DEC0-5BFF-458A-B6A0-EE70BFDA5531}.Debug|Any CPU.Build.0 = Debug|Any CPU
		{7139DEC0-5BFF-458A-B6A0-EE70BFDA5531}.Debug|Any CPU.Deploy.0 = Debug|Any CPU
		{7139DEC0-5BFF-458A-B6A0-EE70BFDA5531}.Debug|iPhone.ActiveCfg = Debug|Any CPU
		{7139DEC0-5BFF-458A-B6A0-EE70BFDA5531}.Debug|iPhone.Build.0 = Debug|Any CPU
		{7139DEC0-5BFF-458A-B6A0-EE70BFDA5531}.Debug|iPhone.Deploy.0 = Debug|Any CPU
		{7139DEC0-5BFF-458A-B6A0-EE70BFDA5531}.Debug|iPhoneSimulator.ActiveCfg = Debug|Any CPU
		{7139DEC0-5BFF-458A-B6A0-EE70BFDA5531}.Debug|iPhoneSimulator.Build.0 = Debug|Any CPU
		{7139DEC0-5BFF-458A-B6A0-EE70BFDA5531}.Debug|iPhoneSimulator.Deploy.0 = Debug|Any CPU
		{7139DEC0-5BFF-458A-B6A0-EE70BFDA5531}.Release|Any CPU.ActiveCfg = Release|Any CPU
		{7139DEC0-5BFF-458A-B6A0-EE70BFDA5531}.Release|Any CPU.Build.0 = Release|Any CPU
		{7139DEC0-5BFF-458A-B6A0-EE70BFDA5531}.Release|Any CPU.Deploy.0 = Release|Any CPU
		{7139DEC0-5BFF-458A-B6A0-EE70BFDA5531}.Release|iPhone.ActiveCfg = Release|Any CPU
		{7139DEC0-5BFF-458A-B6A0-EE70BFDA5531}.Release|iPhone.Build.0 = Release|Any CPU
		{7139DEC0-5BFF-458A-B6A0-EE70BFDA5531}.Release|iPhone.Deploy.0 = Release|Any CPU
		{7139DEC0-5BFF-458A-B6A0-EE70BFDA5531}.Release|iPhoneSimulator.ActiveCfg = Release|Any CPU
		{7139DEC0-5BFF-458A-B6A0-EE70BFDA5531}.Release|iPhoneSimulator.Build.0 = Release|Any CPU
		{7139DEC0-5BFF-458A-B6A0-EE70BFDA5531}.Release|iPhoneSimulator.Deploy.0 = Release|Any CPU
		{589335A7-CB16-497D-9C0C-C33FB8E0FC0F}.Ad-Hoc|Any CPU.ActiveCfg = Ad-Hoc|iPhone
		{589335A7-CB16-497D-9C0C-C33FB8E0FC0F}.Ad-Hoc|Any CPU.Build.0 = Ad-Hoc|iPhone
		{589335A7-CB16-497D-9C0C-C33FB8E0FC0F}.Ad-Hoc|Any CPU.Deploy.0 = Ad-Hoc|iPhone
		{589335A7-CB16-497D-9C0C-C33FB8E0FC0F}.Ad-Hoc|iPhone.ActiveCfg = Ad-Hoc|iPhone
		{589335A7-CB16-497D-9C0C-C33FB8E0FC0F}.Ad-Hoc|iPhone.Build.0 = Ad-Hoc|iPhone
		{589335A7-CB16-497D-9C0C-C33FB8E0FC0F}.Ad-Hoc|iPhone.Deploy.0 = Ad-Hoc|iPhone
		{589335A7-CB16-497D-9C0C-C33FB8E0FC0F}.Ad-Hoc|iPhoneSimulator.ActiveCfg = Ad-Hoc|iPhoneSimulator
		{589335A7-CB16-497D-9C0C-C33FB8E0FC0F}.Ad-Hoc|iPhoneSimulator.Build.0 = Ad-Hoc|iPhoneSimulator
		{589335A7-CB16-497D-9C0C-C33FB8E0FC0F}.Ad-Hoc|iPhoneSimulator.Deploy.0 = Ad-Hoc|iPhoneSimulator
		{589335A7-CB16-497D-9C0C-C33FB8E0FC0F}.AppStore|Any CPU.ActiveCfg = AppStore|iPhone
		{589335A7-CB16-497D-9C0C-C33FB8E0FC0F}.AppStore|Any CPU.Build.0 = AppStore|iPhone
		{589335A7-CB16-497D-9C0C-C33FB8E0FC0F}.AppStore|Any CPU.Deploy.0 = AppStore|iPhone
		{589335A7-CB16-497D-9C0C-C33FB8E0FC0F}.AppStore|iPhone.ActiveCfg = AppStore|iPhone
		{589335A7-CB16-497D-9C0C-C33FB8E0FC0F}.AppStore|iPhone.Build.0 = AppStore|iPhone
		{589335A7-CB16-497D-9C0C-C33FB8E0FC0F}.AppStore|iPhone.Deploy.0 = AppStore|iPhone
		{589335A7-CB16-497D-9C0C-C33FB8E0FC0F}.AppStore|iPhoneSimulator.ActiveCfg = AppStore|iPhoneSimulator
		{589335A7-CB16-497D-9C0C-C33FB8E0FC0F}.AppStore|iPhoneSimulator.Build.0 = AppStore|iPhoneSimulator
		{589335A7-CB16-497D-9C0C-C33FB8E0FC0F}.AppStore|iPhoneSimulator.Deploy.0 = AppStore|iPhoneSimulator
		{589335A7-CB16-497D-9C0C-C33FB8E0FC0F}.Debug|Any CPU.ActiveCfg = Debug|iPhoneSimulator
		{589335A7-CB16-497D-9C0C-C33FB8E0FC0F}.Debug|Any CPU.Build.0 = Debug|iPhoneSimulator
		{589335A7-CB16-497D-9C0C-C33FB8E0FC0F}.Debug|Any CPU.Deploy.0 = Debug|iPhoneSimulator
		{589335A7-CB16-497D-9C0C-C33FB8E0FC0F}.Debug|iPhone.ActiveCfg = Debug|iPhone
		{589335A7-CB16-497D-9C0C-C33FB8E0FC0F}.Debug|iPhone.Build.0 = Debug|iPhone
		{589335A7-CB16-497D-9C0C-C33FB8E0FC0F}.Debug|iPhone.Deploy.0 = Debug|iPhone
		{589335A7-CB16-497D-9C0C-C33FB8E0FC0F}.Debug|iPhoneSimulator.ActiveCfg = Debug|iPhoneSimulator
		{589335A7-CB16-497D-9C0C-C33FB8E0FC0F}.Debug|iPhoneSimulator.Build.0 = Debug|iPhoneSimulator
		{589335A7-CB16-497D-9C0C-C33FB8E0FC0F}.Debug|iPhoneSimulator.Deploy.0 = Debug|iPhoneSimulator
		{589335A7-CB16-497D-9C0C-C33FB8E0FC0F}.Release|Any CPU.ActiveCfg = Release|iPhone
		{589335A7-CB16-497D-9C0C-C33FB8E0FC0F}.Release|Any CPU.Build.0 = Release|iPhone
		{589335A7-CB16-497D-9C0C-C33FB8E0FC0F}.Release|Any CPU.Deploy.0 = Release|iPhone
		{589335A7-CB16-497D-9C0C-C33FB8E0FC0F}.Release|iPhone.ActiveCfg = Release|iPhone
		{589335A7-CB16-497D-9C0C-C33FB8E0FC0F}.Release|iPhone.Build.0 = Release|iPhone
		{589335A7-CB16-497D-9C0C-C33FB8E0FC0F}.Release|iPhone.Deploy.0 = Release|iPhone
		{589335A7-CB16-497D-9C0C-C33FB8E0FC0F}.Release|iPhoneSimulator.ActiveCfg = Release|iPhoneSimulator
		{589335A7-CB16-497D-9C0C-C33FB8E0FC0F}.Release|iPhoneSimulator.Build.0 = Release|iPhoneSimulator
		{589335A7-CB16-497D-9C0C-C33FB8E0FC0F}.Release|iPhoneSimulator.Deploy.0 = Release|iPhoneSimulator
		{0BFB2F9C-7003-48DA-9186-02A640F10888}.Ad-Hoc|Any CPU.ActiveCfg = Debug|Any CPU
		{0BFB2F9C-7003-48DA-9186-02A640F10888}.Ad-Hoc|Any CPU.Build.0 = Debug|Any CPU
		{0BFB2F9C-7003-48DA-9186-02A640F10888}.Ad-Hoc|Any CPU.Deploy.0 = Debug|Any CPU
		{0BFB2F9C-7003-48DA-9186-02A640F10888}.Ad-Hoc|iPhone.ActiveCfg = Debug|Any CPU
		{0BFB2F9C-7003-48DA-9186-02A640F10888}.Ad-Hoc|iPhone.Build.0 = Debug|Any CPU
		{0BFB2F9C-7003-48DA-9186-02A640F10888}.Ad-Hoc|iPhone.Deploy.0 = Debug|Any CPU
		{0BFB2F9C-7003-48DA-9186-02A640F10888}.Ad-Hoc|iPhoneSimulator.ActiveCfg = Debug|Any CPU
		{0BFB2F9C-7003-48DA-9186-02A640F10888}.Ad-Hoc|iPhoneSimulator.Build.0 = Debug|Any CPU
		{0BFB2F9C-7003-48DA-9186-02A640F10888}.Ad-Hoc|iPhoneSimulator.Deploy.0 = Debug|Any CPU
		{0BFB2F9C-7003-48DA-9186-02A640F10888}.AppStore|Any CPU.ActiveCfg = Debug|Any CPU
		{0BFB2F9C-7003-48DA-9186-02A640F10888}.AppStore|Any CPU.Build.0 = Debug|Any CPU
		{0BFB2F9C-7003-48DA-9186-02A640F10888}.AppStore|Any CPU.Deploy.0 = Debug|Any CPU
		{0BFB2F9C-7003-48DA-9186-02A640F10888}.AppStore|iPhone.ActiveCfg = Debug|Any CPU
		{0BFB2F9C-7003-48DA-9186-02A640F10888}.AppStore|iPhone.Build.0 = Debug|Any CPU
		{0BFB2F9C-7003-48DA-9186-02A640F10888}.AppStore|iPhone.Deploy.0 = Debug|Any CPU
		{0BFB2F9C-7003-48DA-9186-02A640F10888}.AppStore|iPhoneSimulator.ActiveCfg = Debug|Any CPU
		{0BFB2F9C-7003-48DA-9186-02A640F10888}.AppStore|iPhoneSimulator.Build.0 = Debug|Any CPU
		{0BFB2F9C-7003-48DA-9186-02A640F10888}.AppStore|iPhoneSimulator.Deploy.0 = Debug|Any CPU
		{0BFB2F9C-7003-48DA-9186-02A640F10888}.Debug|Any CPU.ActiveCfg = Debug|Any CPU
		{0BFB2F9C-7003-48DA-9186-02A640F10888}.Debug|Any CPU.Build.0 = Debug|Any CPU
		{0BFB2F9C-7003-48DA-9186-02A640F10888}.Debug|Any CPU.Deploy.0 = Debug|Any CPU
		{0BFB2F9C-7003-48DA-9186-02A640F10888}.Debug|iPhone.ActiveCfg = Debug|Any CPU
		{0BFB2F9C-7003-48DA-9186-02A640F10888}.Debug|iPhone.Build.0 = Debug|Any CPU
		{0BFB2F9C-7003-48DA-9186-02A640F10888}.Debug|iPhone.Deploy.0 = Debug|Any CPU
		{0BFB2F9C-7003-48DA-9186-02A640F10888}.Debug|iPhoneSimulator.ActiveCfg = Debug|Any CPU
		{0BFB2F9C-7003-48DA-9186-02A640F10888}.Debug|iPhoneSimulator.Build.0 = Debug|Any CPU
		{0BFB2F9C-7003-48DA-9186-02A640F10888}.Debug|iPhoneSimulator.Deploy.0 = Debug|Any CPU
		{0BFB2F9C-7003-48DA-9186-02A640F10888}.Release|Any CPU.ActiveCfg = Release|Any CPU
		{0BFB2F9C-7003-48DA-9186-02A640F10888}.Release|Any CPU.Build.0 = Release|Any CPU
		{0BFB2F9C-7003-48DA-9186-02A640F10888}.Release|Any CPU.Deploy.0 = Release|Any CPU
		{0BFB2F9C-7003-48DA-9186-02A640F10888}.Release|iPhone.ActiveCfg = Release|Any CPU
		{0BFB2F9C-7003-48DA-9186-02A640F10888}.Release|iPhone.Build.0 = Release|Any CPU
		{0BFB2F9C-7003-48DA-9186-02A640F10888}.Release|iPhone.Deploy.0 = Release|Any CPU
		{0BFB2F9C-7003-48DA-9186-02A640F10888}.Release|iPhoneSimulator.ActiveCfg = Release|Any CPU
		{0BFB2F9C-7003-48DA-9186-02A640F10888}.Release|iPhoneSimulator.Build.0 = Release|Any CPU
		{0BFB2F9C-7003-48DA-9186-02A640F10888}.Release|iPhoneSimulator.Deploy.0 = Release|Any CPU
	EndGlobalSection
	GlobalSection(SolutionProperties) = preSolution
		HideSolutionNode = FALSE
	EndGlobalSection
	GlobalSection(ExtensibilityGlobals) = postSolution
		SolutionGuid = {51B4A843-BE82-4901-9F14-35413AC696EE}
	EndGlobalSection
EndGlobal
